// !$*UTF8*$!
{
	archiveVersion = 1;
	classes = {
	};
	objectVersion = 55;
	objects = {

/* Begin PBXBuildFile section */
		D7FC449127EB069A001818C4 /* CruciApp.swift in Sources */ = {isa = PBXBuildFile; fileRef = D7FC449027EB069A001818C4 /* CruciApp.swift */; };
		D7FC449327EB069A001818C4 /* ContentView.swift in Sources */ = {isa = PBXBuildFile; fileRef = D7FC449227EB069A001818C4 /* ContentView.swift */; };
		D7FC449527EB069D001818C4 /* Assets.xcassets in Resources */ = {isa = PBXBuildFile; fileRef = D7FC449427EB069D001818C4 /* Assets.xcassets */; };
		D7FC449827EB069D001818C4 /* Preview Assets.xcassets in Resources */ = {isa = PBXBuildFile; fileRef = D7FC449727EB069D001818C4 /* Preview Assets.xcassets */; };
		D7FC44A227EB0825001818C4 /* PKCanvas.swift in Sources */ = {isa = PBXBuildFile; fileRef = D7FC44A127EB0825001818C4 /* PKCanvas.swift */; };
		D7FC44A827EB34FE001818C4 /* Crossword.swift in Sources */ = {isa = PBXBuildFile; fileRef = D7FC44A727EB34FE001818C4 /* Crossword.swift */; };
		D7FC44AB27EB3ECC001818C4 /* Introspect in Frameworks */ = {isa = PBXBuildFile; productRef = D7FC44AA27EB3ECC001818C4 /* Introspect */; };
		D7FC44AD27EB4106001818C4 /* eltana-001.json in Resources */ = {isa = PBXBuildFile; fileRef = D7FC44AC27EB4106001818C4 /* eltana-001.json */; };
		D7FC44AF27EB4929001818C4 /* CluesListView.swift in Sources */ = {isa = PBXBuildFile; fileRef = D7FC44AE27EB4929001818C4 /* CluesListView.swift */; };
		D7FC44B127EB4C9E001818C4 /* CrosswordGridView.swift in Sources */ = {isa = PBXBuildFile; fileRef = D7FC44B027EB4C9E001818C4 /* CrosswordGridView.swift */; };
/* End PBXBuildFile section */

/* Begin PBXFileReference section */
		D7FC448D27EB069A001818C4 /* Cruci.app */ = {isa = PBXFileReference; explicitFileType = wrapper.application; includeInIndex = 0; path = Cruci.app; sourceTree = BUILT_PRODUCTS_DIR; };
		D7FC449027EB069A001818C4 /* CruciApp.swift */ = {isa = PBXFileReference; lastKnownFileType = sourcecode.swift; path = CruciApp.swift; sourceTree = "<group>"; };
		D7FC449227EB069A001818C4 /* ContentView.swift */ = {isa = PBXFileReference; lastKnownFileType = sourcecode.swift; path = ContentView.swift; sourceTree = "<group>"; };
		D7FC449427EB069D001818C4 /* Assets.xcassets */ = {isa = PBXFileReference; lastKnownFileType = folder.assetcatalog; path = Assets.xcassets; sourceTree = "<group>"; };
		D7FC449727EB069D001818C4 /* Preview Assets.xcassets */ = {isa = PBXFileReference; lastKnownFileType = folder.assetcatalog; path = "Preview Assets.xcassets"; sourceTree = "<group>"; };
		D7FC44A127EB0825001818C4 /* PKCanvas.swift */ = {isa = PBXFileReference; lastKnownFileType = sourcecode.swift; path = PKCanvas.swift; sourceTree = "<group>"; };
		D7FC44A727EB34FE001818C4 /* Crossword.swift */ = {isa = PBXFileReference; lastKnownFileType = sourcecode.swift; path = Crossword.swift; sourceTree = "<group>"; };
		D7FC44AC27EB4106001818C4 /* eltana-001.json */ = {isa = PBXFileReference; fileEncoding = 4; lastKnownFileType = text.json; path = "eltana-001.json"; sourceTree = "<group>"; };
		D7FC44AE27EB4929001818C4 /* CluesListView.swift */ = {isa = PBXFileReference; lastKnownFileType = sourcecode.swift; path = CluesListView.swift; sourceTree = "<group>"; };
		D7FC44B027EB4C9E001818C4 /* CrosswordGridView.swift */ = {isa = PBXFileReference; lastKnownFileType = sourcecode.swift; path = CrosswordGridView.swift; sourceTree = "<group>"; };
/* End PBXFileReference section */

/* Begin PBXFrameworksBuildPhase section */
		D7FC448A27EB069A001818C4 /* Frameworks */ = {
			isa = PBXFrameworksBuildPhase;
			buildActionMask = 2147483647;
			files = (
				D7FC44AB27EB3ECC001818C4 /* Introspect in Frameworks */,
			);
			runOnlyForDeploymentPostprocessing = 0;
		};
/* End PBXFrameworksBuildPhase section */

/* Begin PBXGroup section */
		D7FC448427EB0699001818C4 = {
			isa = PBXGroup;
			children = (
				D7FC448F27EB069A001818C4 /* Cruci */,
				D7FC448E27EB069A001818C4 /* Products */,
			);
			sourceTree = "<group>";
		};
		D7FC448E27EB069A001818C4 /* Products */ = {
			isa = PBXGroup;
			children = (
				D7FC448D27EB069A001818C4 /* Cruci.app */,
			);
			name = Products;
			sourceTree = "<group>";
		};
		D7FC448F27EB069A001818C4 /* Cruci */ = {
			isa = PBXGroup;
			children = (
				D7FC44A027EB0718001818C4 /* Application */,
				D7FC449F27EB0713001818C4 /* Views */,
				D7FC449E27EB0700001818C4 /* Support Files */,
				D7FC44A427EB342B001818C4 /* Crosswords */,
			);
			path = Cruci;
			sourceTree = "<group>";
		};
		D7FC449627EB069D001818C4 /* Preview Content */ = {
			isa = PBXGroup;
			children = (
				D7FC449727EB069D001818C4 /* Preview Assets.xcassets */,
			);
			path = "Preview Content";
			sourceTree = "<group>";
		};
		D7FC449E27EB0700001818C4 /* Support Files */ = {
			isa = PBXGroup;
			children = (
				D7FC449427EB069D001818C4 /* Assets.xcassets */,
				D7FC449627EB069D001818C4 /* Preview Content */,
			);
			path = "Support Files";
			sourceTree = "<group>";
		};
		D7FC449F27EB0713001818C4 /* Views */ = {
			isa = PBXGroup;
			children = (
				D7FC449227EB069A001818C4 /* ContentView.swift */,
				D7FC44AE27EB4929001818C4 /* CluesListView.swift */,
				D7FC44B027EB4C9E001818C4 /* CrosswordGridView.swift */,
				D7FC44A127EB0825001818C4 /* PKCanvas.swift */,
			);
			path = Views;
			sourceTree = "<group>";
		};
		D7FC44A027EB0718001818C4 /* Application */ = {
			isa = PBXGroup;
			children = (
				D7FC449027EB069A001818C4 /* CruciApp.swift */,
				D7FC44A727EB34FE001818C4 /* Crossword.swift */,
			);
			path = Application;
			sourceTree = "<group>";
		};
		D7FC44A427EB342B001818C4 /* Crosswords */ = {
			isa = PBXGroup;
			children = (
				D7FC44AC27EB4106001818C4 /* eltana-001.json */,
			);
			path = Crosswords;
			sourceTree = "<group>";
		};
/* End PBXGroup section */

/* Begin PBXNativeTarget section */
		D7FC448C27EB069A001818C4 /* Cruci */ = {
			isa = PBXNativeTarget;
			buildConfigurationList = D7FC449B27EB069D001818C4 /* Build configuration list for PBXNativeTarget "Cruci" */;
			buildPhases = (
				D7FC448927EB069A001818C4 /* Sources */,
				D7FC448A27EB069A001818C4 /* Frameworks */,
				D7FC448B27EB069A001818C4 /* Resources */,
			);
			buildRules = (
			);
			dependencies = (
			);
			name = Cruci;
			packageProductDependencies = (
				D7FC44AA27EB3ECC001818C4 /* Introspect */,
			);
			productName = Cruci;
			productReference = D7FC448D27EB069A001818C4 /* Cruci.app */;
			productType = "com.apple.product-type.application";
		};
/* End PBXNativeTarget section */

/* Begin PBXProject section */
		D7FC448527EB0699001818C4 /* Project object */ = {
			isa = PBXProject;
			attributes = {
				BuildIndependentTargetsInParallel = 1;
				LastSwiftUpdateCheck = 1330;
				LastUpgradeCheck = 1330;
				TargetAttributes = {
					D7FC448C27EB069A001818C4 = {
						CreatedOnToolsVersion = 13.3;
					};
				};
			};
			buildConfigurationList = D7FC448827EB0699001818C4 /* Build configuration list for PBXProject "Cruci" */;
			compatibilityVersion = "Xcode 13.0";
			developmentRegion = en;
			hasScannedForEncodings = 0;
			knownRegions = (
				en,
				Base,
			);
			mainGroup = D7FC448427EB0699001818C4;
			packageReferences = (
				D7FC44A927EB3ECC001818C4 /* XCRemoteSwiftPackageReference "SwiftUI-Introspect" */,
			);
			productRefGroup = D7FC448E27EB069A001818C4 /* Products */;
			projectDirPath = "";
			projectRoot = "";
			targets = (
				D7FC448C27EB069A001818C4 /* Cruci */,
			);
		};
/* End PBXProject section */

/* Begin PBXResourcesBuildPhase section */
		D7FC448B27EB069A001818C4 /* Resources */ = {
			isa = PBXResourcesBuildPhase;
			buildActionMask = 2147483647;
			files = (
				D7FC44AD27EB4106001818C4 /* eltana-001.json in Resources */,
				D7FC449827EB069D001818C4 /* Preview Assets.xcassets in Resources */,
				D7FC449527EB069D001818C4 /* Assets.xcassets in Resources */,
			);
			runOnlyForDeploymentPostprocessing = 0;
		};
/* End PBXResourcesBuildPhase section */

/* Begin PBXSourcesBuildPhase section */
		D7FC448927EB069A001818C4 /* Sources */ = {
			isa = PBXSourcesBuildPhase;
			buildActionMask = 2147483647;
			files = (
				D7FC44A827EB34FE001818C4 /* Crossword.swift in Sources */,
				D7FC44AF27EB4929001818C4 /* CluesListView.swift in Sources */,
				D7FC44A227EB0825001818C4 /* PKCanvas.swift in Sources */,
				D7FC44B127EB4C9E001818C4 /* CrosswordGridView.swift in Sources */,
				D7FC449327EB069A001818C4 /* ContentView.swift in Sources */,
				D7FC449127EB069A001818C4 /* CruciApp.swift in Sources */,
			);
			runOnlyForDeploymentPostprocessing = 0;
		};
/* End PBXSourcesBuildPhase section */

/* Begin XCBuildConfiguration section */
		D7FC449927EB069D001818C4 /* Debug */ = {
			isa = XCBuildConfiguration;
			buildSettings = {
				ALWAYS_SEARCH_USER_PATHS = NO;
				CLANG_ANALYZER_NONNULL = YES;
				CLANG_ANALYZER_NUMBER_OBJECT_CONVERSION = YES_AGGRESSIVE;
				CLANG_CXX_LANGUAGE_STANDARD = "gnu++17";
				CLANG_ENABLE_MODULES = YES;
				CLANG_ENABLE_OBJC_ARC = YES;
				CLANG_ENABLE_OBJC_WEAK = YES;
				CLANG_WARN_BLOCK_CAPTURE_AUTORELEASING = YES;
				CLANG_WARN_BOOL_CONVERSION = YES;
				CLANG_WARN_COMMA = YES;
				CLANG_WARN_CONSTANT_CONVERSION = YES;
				CLANG_WARN_DEPRECATED_OBJC_IMPLEMENTATIONS = YES;
				CLANG_WARN_DIRECT_OBJC_ISA_USAGE = YES_ERROR;
				CLANG_WARN_DOCUMENTATION_COMMENTS = YES;
				CLANG_WARN_EMPTY_BODY = YES;
				CLANG_WARN_ENUM_CONVERSION = YES;
				CLANG_WARN_INFINITE_RECURSION = YES;
				CLANG_WARN_INT_CONVERSION = YES;
				CLANG_WARN_NON_LITERAL_NULL_CONVERSION = YES;
				CLANG_WARN_OBJC_IMPLICIT_RETAIN_SELF = YES;
				CLANG_WARN_OBJC_LITERAL_CONVERSION = YES;
				CLANG_WARN_OBJC_ROOT_CLASS = YES_ERROR;
				CLANG_WARN_QUOTED_INCLUDE_IN_FRAMEWORK_HEADER = YES;
				CLANG_WARN_RANGE_LOOP_ANALYSIS = YES;
				CLANG_WARN_STRICT_PROTOTYPES = YES;
				CLANG_WARN_SUSPICIOUS_MOVE = YES;
				CLANG_WARN_UNGUARDED_AVAILABILITY = YES_AGGRESSIVE;
				CLANG_WARN_UNREACHABLE_CODE = YES;
				CLANG_WARN__DUPLICATE_METHOD_MATCH = YES;
				COPY_PHASE_STRIP = NO;
				DEBUG_INFORMATION_FORMAT = dwarf;
				ENABLE_STRICT_OBJC_MSGSEND = YES;
				ENABLE_TESTABILITY = YES;
				GCC_C_LANGUAGE_STANDARD = gnu11;
				GCC_DYNAMIC_NO_PIC = NO;
				GCC_NO_COMMON_BLOCKS = YES;
				GCC_OPTIMIZATION_LEVEL = 0;
				GCC_PREPROCESSOR_DEFINITIONS = (
					"DEBUG=1",
					"$(inherited)",
				);
				GCC_WARN_64_TO_32_BIT_CONVERSION = YES;
				GCC_WARN_ABOUT_RETURN_TYPE = YES_ERROR;
				GCC_WARN_UNDECLARED_SELECTOR = YES;
				GCC_WARN_UNINITIALIZED_AUTOS = YES_AGGRESSIVE;
				GCC_WARN_UNUSED_FUNCTION = YES;
				GCC_WARN_UNUSED_VARIABLE = YES;
				IPHONEOS_DEPLOYMENT_TARGET = 15.4;
				MTL_ENABLE_DEBUG_INFO = INCLUDE_SOURCE;
				MTL_FAST_MATH = YES;
				ONLY_ACTIVE_ARCH = YES;
				SDKROOT = iphoneos;
				SWIFT_ACTIVE_COMPILATION_CONDITIONS = DEBUG;
				SWIFT_OPTIMIZATION_LEVEL = "-Onone";
			};
			name = Debug;
		};
		D7FC449A27EB069D001818C4 /* Release */ = {
			isa = XCBuildConfiguration;
			buildSettings = {
				ALWAYS_SEARCH_USER_PATHS = NO;
				CLANG_ANALYZER_NONNULL = YES;
				CLANG_ANALYZER_NUMBER_OBJECT_CONVERSION = YES_AGGRESSIVE;
				CLANG_CXX_LANGUAGE_STANDARD = "gnu++17";
				CLANG_ENABLE_MODULES = YES;
				CLANG_ENABLE_OBJC_ARC = YES;
				CLANG_ENABLE_OBJC_WEAK = YES;
				CLANG_WARN_BLOCK_CAPTURE_AUTORELEASING = YES;
				CLANG_WARN_BOOL_CONVERSION = YES;
				CLANG_WARN_COMMA = YES;
				CLANG_WARN_CONSTANT_CONVERSION = YES;
				CLANG_WARN_DEPRECATED_OBJC_IMPLEMENTATIONS = YES;
				CLANG_WARN_DIRECT_OBJC_ISA_USAGE = YES_ERROR;
				CLANG_WARN_DOCUMENTATION_COMMENTS = YES;
				CLANG_WARN_EMPTY_BODY = YES;
				CLANG_WARN_ENUM_CONVERSION = YES;
				CLANG_WARN_INFINITE_RECURSION = YES;
				CLANG_WARN_INT_CONVERSION = YES;
				CLANG_WARN_NON_LITERAL_NULL_CONVERSION = YES;
				CLANG_WARN_OBJC_IMPLICIT_RETAIN_SELF = YES;
				CLANG_WARN_OBJC_LITERAL_CONVERSION = YES;
				CLANG_WARN_OBJC_ROOT_CLASS = YES_ERROR;
				CLANG_WARN_QUOTED_INCLUDE_IN_FRAMEWORK_HEADER = YES;
				CLANG_WARN_RANGE_LOOP_ANALYSIS = YES;
				CLANG_WARN_STRICT_PROTOTYPES = YES;
				CLANG_WARN_SUSPICIOUS_MOVE = YES;
				CLANG_WARN_UNGUARDED_AVAILABILITY = YES_AGGRESSIVE;
				CLANG_WARN_UNREACHABLE_CODE = YES;
				CLANG_WARN__DUPLICATE_METHOD_MATCH = YES;
				COPY_PHASE_STRIP = NO;
				DEBUG_INFORMATION_FORMAT = "dwarf-with-dsym";
				ENABLE_NS_ASSERTIONS = NO;
				ENABLE_STRICT_OBJC_MSGSEND = YES;
				GCC_C_LANGUAGE_STANDARD = gnu11;
				GCC_NO_COMMON_BLOCKS = YES;
				GCC_WARN_64_TO_32_BIT_CONVERSION = YES;
				GCC_WARN_ABOUT_RETURN_TYPE = YES_ERROR;
				GCC_WARN_UNDECLARED_SELECTOR = YES;
				GCC_WARN_UNINITIALIZED_AUTOS = YES_AGGRESSIVE;
				GCC_WARN_UNUSED_FUNCTION = YES;
				GCC_WARN_UNUSED_VARIABLE = YES;
				IPHONEOS_DEPLOYMENT_TARGET = 15.4;
				MTL_ENABLE_DEBUG_INFO = NO;
				MTL_FAST_MATH = YES;
				SDKROOT = iphoneos;
				SWIFT_COMPILATION_MODE = wholemodule;
				SWIFT_OPTIMIZATION_LEVEL = "-O";
				VALIDATE_PRODUCT = YES;
			};
			name = Release;
		};
		D7FC449C27EB069D001818C4 /* Debug */ = {
			isa = XCBuildConfiguration;
			buildSettings = {
				ASSETCATALOG_COMPILER_APPICON_NAME = AppIcon;
				ASSETCATALOG_COMPILER_GLOBAL_ACCENT_COLOR_NAME = AccentColor;
				CODE_SIGN_STYLE = Automatic;
				CURRENT_PROJECT_VERSION = 1;
				DEVELOPMENT_ASSET_PATHS = "\"Cruci/Support Files/Preview Content\"";
				DEVELOPMENT_TEAM = YUN383XGPH;
				ENABLE_PREVIEWS = YES;
				GENERATE_INFOPLIST_FILE = YES;
				INFOPLIST_FILE = "";
				INFOPLIST_KEY_UIApplicationSceneManifest_Generation = YES;
				INFOPLIST_KEY_UIApplicationSupportsIndirectInputEvents = YES;
				INFOPLIST_KEY_UILaunchScreen_Generation = YES;
				INFOPLIST_KEY_UIRequiresFullScreen = YES;
				INFOPLIST_KEY_UISupportedInterfaceOrientations_iPad = "UIInterfaceOrientationLandscapeRight UIInterfaceOrientationLandscapeLeft";
				INFOPLIST_KEY_UISupportedInterfaceOrientations_iPhone = "UIInterfaceOrientationPortrait UIInterfaceOrientationLandscapeLeft UIInterfaceOrientationLandscapeRight";
				IPHONEOS_DEPLOYMENT_TARGET = 15.2;
				LD_RUNPATH_SEARCH_PATHS = (
					"$(inherited)",
					"@executable_path/Frameworks",
				);
				MARKETING_VERSION = 1.0;
				PRODUCT_BUNDLE_IDENTIFIER = me.kevinrpb.Cruci;
				PRODUCT_NAME = "$(TARGET_NAME)";
				SWIFT_EMIT_LOC_STRINGS = YES;
				SWIFT_VERSION = 5.0;
				TARGETED_DEVICE_FAMILY = 2;
			};
			name = Debug;
		};
		D7FC449D27EB069D001818C4 /* Release */ = {
			isa = XCBuildConfiguration;
			buildSettings = {
				ASSETCATALOG_COMPILER_APPICON_NAME = AppIcon;
				ASSETCATALOG_COMPILER_GLOBAL_ACCENT_COLOR_NAME = AccentColor;
				CODE_SIGN_STYLE = Automatic;
				CURRENT_PROJECT_VERSION = 1;
				DEVELOPMENT_ASSET_PATHS = "\"Cruci/Support Files/Preview Content\"";
				DEVELOPMENT_TEAM = YUN383XGPH;
				ENABLE_PREVIEWS = YES;
				GENERATE_INFOPLIST_FILE = YES;
				INFOPLIST_FILE = "";
				INFOPLIST_KEY_UIApplicationSceneManifest_Generation = YES;
				INFOPLIST_KEY_UIApplicationSupportsIndirectInputEvents = YES;
				INFOPLIST_KEY_UILaunchScreen_Generation = YES;
				INFOPLIST_KEY_UIRequiresFullScreen = YES;
				INFOPLIST_KEY_UISupportedInterfaceOrientations_iPad = "UIInterfaceOrientationLandscapeRight UIInterfaceOrientationLandscapeLeft";
				INFOPLIST_KEY_UISupportedInterfaceOrientations_iPhone = "UIInterfaceOrientationPortrait UIInterfaceOrientationLandscapeLeft UIInterfaceOrientationLandscapeRight";
				IPHONEOS_DEPLOYMENT_TARGET = 15.2;
				LD_RUNPATH_SEARCH_PATHS = (
					"$(inherited)",
					"@executable_path/Frameworks",
				);
				MARKETING_VERSION = 1.0;
				PRODUCT_BUNDLE_IDENTIFIER = me.kevinrpb.Cruci;
				PRODUCT_NAME = "$(TARGET_NAME)";
				SWIFT_EMIT_LOC_STRINGS = YES;
				SWIFT_VERSION = 5.0;
				TARGETED_DEVICE_FAMILY = 2;
			};
			name = Release;
		};
/* End XCBuildConfiguration section */

/* Begin XCConfigurationList section */
		D7FC448827EB0699001818C4 /* Build configuration list for PBXProject "Cruci" */ = {
			isa = XCConfigurationList;
			buildConfigurations = (
				D7FC449927EB069D001818C4 /* Debug */,
				D7FC449A27EB069D001818C4 /* Release */,
			);
			defaultConfigurationIsVisible = 0;
			defaultConfigurationName = Release;
		};
		D7FC449B27EB069D001818C4 /* Build configuration list for PBXNativeTarget "Cruci" */ = {
			isa = XCConfigurationList;
			buildConfigurations = (
				D7FC449C27EB069D001818C4 /* Debug */,
				D7FC449D27EB069D001818C4 /* Release */,
			);
			defaultConfigurationIsVisible = 0;
			defaultConfigurationName = Release;
		};
/* End XCConfigurationList section */

/* Begin XCRemoteSwiftPackageReference section */
		D7FC44A927EB3ECC001818C4 /* XCRemoteSwiftPackageReference "SwiftUI-Introspect" */ = {
			isa = XCRemoteSwiftPackageReference;
			repositoryURL = "https://github.com/siteline/SwiftUI-Introspect";
			requirement = {
				kind = upToNextMajorVersion;
				minimumVersion = 0.1.4;
			};
		};
/* End XCRemoteSwiftPackageReference section */

/* Begin XCSwiftPackageProductDependency section */
		D7FC44AA27EB3ECC001818C4 /* Introspect */ = {
			isa = XCSwiftPackageProductDependency;
			package = D7FC44A927EB3ECC001818C4 /* XCRemoteSwiftPackageReference "SwiftUI-Introspect" */;
			productName = Introspect;
		};
/* End XCSwiftPackageProductDependency section */
	};
	rootObject = D7FC448527EB0699001818C4 /* Project object */;
}
