{
  "name": "Cruci",
  "lockfileVersion": 2,
  "requires": true,
  "packages": {
    "": {
      "dependencies": {
        "xd-crossword-parser": "^0.1.2"
      }
    },
    "node_modules/xd-crossword-parser": {
      "version": "0.1.2",
      "resolved": "https://registry.npmjs.org/xd-crossword-parser/-/xd-crossword-parser-0.1.2.tgz",
      "integrity": "sha512-w0j7oaU5KqlrhWim+aKLpEWmcx4tJFi4z+oQhBtIo9/y62WvxWY7iw/YWUV3xBVA9Mx+CEpMyV5Txo8U7lCVpA=="
    }
  },
  "dependencies": {
    "xd-crossword-parser": {
      "version": "0.1.2",
      "resolved": "https://registry.npmjs.org/xd-crossword-parser/-/xd-crossword-parser-0.1.2.tgz",
      "integrity": "sha512-w0j7oaU5KqlrhWim+aKLpEWmcx4tJFi4z+oQhBtIo9/y62WvxWY7iw/YWUV3xBVA9Mx+CEpMyV5Txo8U7lCVpA=="
    }
  }
}
